
Microsoft Visual Studio Solution File, Format Version 12.00
# Visual Studio 15
VisualStudioVersion = 15.0.28307.645
MinimumVisualStudioVersion = 10.0.40219.1
Project("{FAE04EC0-301F-11D3-BF4B-00C04F79EFBC}") = "Ordering.API", "Ordering.API\Ordering.API.csproj", "{48B5E69F-2F95-4A39-AD75-ABF15D6E3556}"
EndProject
Project("{FAE04EC0-301F-11D3-BF4B-00C04F79EFBC}") = "Ordering.Infrastructure", "Ordering.Infrastructure\Ordering.Infrastructure.csproj", "{416424FE-1AFF-4B10-97F9-F3825A54D572}"
EndProject
Project("{FAE04EC0-301F-11D3-BF4B-00C04F79EFBC}") = "Ordering.Domain", "Ordering.Domain\Ordering.Domain.csproj", "{69FF92C7-0E18-47B9-9D30-603C7D4C235B}"
EndProject
Global
	GlobalSection(SolutionConfigurationPlatforms) = preSolution
		Debug|Any CPU = Debug|Any CPU
		Release|Any CPU = Release|Any CPU
	EndGlobalSection
	GlobalSection(ProjectConfigurationPlatforms) = postSolution
		{48B5E69F-2F95-4A39-AD75-ABF15D6E3556}.Debug|Any CPU.ActiveCfg = Debug|Any CPU
		{48B5E69F-2F95-4A39-AD75-ABF15D6E3556}.Debug|Any CPU.Build.0 = Debug|Any CPU
		{48B5E69F-2F95-4A39-AD75-ABF15D6E3556}.Release|Any CPU.ActiveCfg = Release|Any CPU
		{48B5E69F-2F95-4A39-AD75-ABF15D6E3556}.Release|Any CPU.Build.0 = Release|Any CPU
		{416424FE-1AFF-4B10-97F9-F3825A54D572}.Debug|Any CPU.ActiveCfg = Debug|Any CPU
		{416424FE-1AFF-4B10-97F9-F3825A54D572}.Debug|Any CPU.Build.0 = Debug|Any CPU
		{416424FE-1AFF-4B10-97F9-F3825A54D572}.Release|Any CPU.ActiveCfg = Release|Any CPU
		{416424FE-1AFF-4B10-97F9-F3825A54D572}.Release|Any CPU.Build.0 = Release|Any CPU
		{69FF92C7-0E18-47B9-9D30-603C7D4C235B}.Debug|Any CPU.ActiveCfg = Debug|Any CPU
		{69FF92C7-0E18-47B9-9D30-603C7D4C235B}.Debug|Any CPU.Build.0 = Debug|Any CPU
		{69FF92C7-0E18-47B9-9D30-603C7D4C235B}.Release|Any CPU.ActiveCfg = Release|Any CPU
		{69FF92C7-0E18-47B9-9D30-603C7D4C235B}.Release|Any CPU.Build.0 = Release|Any CPU
	EndGlobalSection
	GlobalSection(SolutionProperties) = preSolution
		HideSolutionNode = FALSE
	EndGlobalSection
	GlobalSection(ExtensibilityGlobals) = postSolution
		SolutionGuid = {F5C3F4BC-3133-437C-ACC0-9CF9106D741C}
	EndGlobalSection
EndGlobal
